
Microsoft Visual Studio Solution File, Format Version 12.00
# Visual Studio Version 17
VisualStudioVersion = 17.0.31903.59
MinimumVisualStudioVersion = 10.0.40219.1
Project("{FAE04EC0-301F-11D3-BF4B-00C04F79EFBC}") = "Server", "Server\Server.csproj", "{3FA85891-78B9-42D7-B791-0B1586394CEE}"
EndProject
Project("{FAE04EC0-301F-11D3-BF4B-00C04F79EFBC}") = "Client", "Client\Client.csproj", "{B9631E19-23FB-418B-A584-537A6959F7C5}"
EndProject
Global
	GlobalSection(SolutionConfigurationPlatforms) = preSolution
		Debug|Any CPU = Debug|Any CPU
		Release|Any CPU = Release|Any CPU
	EndGlobalSection
	GlobalSection(SolutionProperties) = preSolution
		HideSolutionNode = FALSE
	EndGlobalSection
	GlobalSection(ProjectConfigurationPlatforms) = postSolution
		{3FA85891-78B9-42D7-B791-0B1586394CEE}.Debug|Any CPU.ActiveCfg = Debug|Any CPU
		{3FA85891-78B9-42D7-B791-0B1586394CEE}.Debug|Any CPU.Build.0 = Debug|Any CPU
		{3FA85891-78B9-42D7-B791-0B1586394CEE}.Release|Any CPU.ActiveCfg = Release|Any CPU
		{3FA85891-78B9-42D7-B791-0B1586394CEE}.Release|Any CPU.Build.0 = Release|Any CPU
		{B9631E19-23FB-418B-A584-537A6959F7C5}.Debug|Any CPU.ActiveCfg = Debug|Any CPU
		{B9631E19-23FB-418B-A584-537A6959F7C5}.Debug|Any CPU.Build.0 = Debug|Any CPU
		{B9631E19-23FB-418B-A584-537A6959F7C5}.Release|Any CPU.ActiveCfg = Release|Any CPU
		{B9631E19-23FB-418B-A584-537A6959F7C5}.Release|Any CPU.Build.0 = Release|Any CPU
	EndGlobalSection
EndGlobal
